
Microsoft Visual Studio Solution File, Format Version 12.00
# Visual Studio Version 16
VisualStudioVersion = 16.0.29201.188
MinimumVisualStudioVersion = 10.0.40219.1
Project("{8BC9CEB8-8B4A-11D0-8D11-00A0C91BC942}") = "glfwplay", "GLFW\glfwplay.vcxproj", "{60547FAB-D9DE-42FA-B4BF-FF96A3B72598}"
EndProject
Project("{8BC9CEB8-8B4A-11D0-8D11-00A0C91BC942}") = "multiplayers", "GLFW\multiplayers.vcxproj", "{597CD1A1-283D-4D3E-BA97-DD28CE5BB188}"
EndProject
Project("{8BC9CEB8-8B4A-11D0-8D11-00A0C91BC942}") = "multiwindows", "GLFW\multiwindows.vcxproj", "{FA616FFE-C164-4061-B8C0-BF32370FC75B}"
EndProject
Project("{8BC9CEB8-8B4A-11D0-8D11-00A0C91BC942}") = "simple", "GLFW\simple.vcxproj", "{826A2F11-E6AF-444C-953F-4E5F93A58955}"
EndProject
Project("{8BC9CEB8-8B4A-11D0-8D11-00A0C91BC942}") = "sdlplay", "SDL\sdlplay.vcxproj", "{A40C2509-5B05-4731-A33E-0FE37481768B}"
EndProject
Project("{8BC9CEB8-8B4A-11D0-8D11-00A0C91BC942}") = "mdkplay", "Native\mdkplay.vcxproj", "{71476985-DDC0-4F57-9979-81CB047B6E3F}"
EndProject
Project("{8BC9CEB8-8B4A-11D0-8D11-00A0C91BC942}") = "offscreen", "Native\offscreen.vcxproj", "{D801D50D-86F0-470C-AB36-2C407E96F657}"
EndProject
Global
	GlobalSection(SolutionConfigurationPlatforms) = preSolution
		Debug|x64 = Debug|x64
		Debug|x86 = Debug|x86
		Release|x64 = Release|x64
		Release|x86 = Release|x86
	EndGlobalSection
	GlobalSection(ProjectConfigurationPlatforms) = postSolution
		{60547FAB-D9DE-42FA-B4BF-FF96A3B72598}.Debug|x64.ActiveCfg = Debug|x64
		{60547FAB-D9DE-42FA-B4BF-FF96A3B72598}.Debug|x64.Build.0 = Debug|x64
		{60547FAB-D9DE-42FA-B4BF-FF96A3B72598}.Debug|x86.ActiveCfg = Debug|Win32
		{60547FAB-D9DE-42FA-B4BF-FF96A3B72598}.Debug|x86.Build.0 = Debug|Win32
		{60547FAB-D9DE-42FA-B4BF-FF96A3B72598}.Release|x64.ActiveCfg = Release|x64
		{60547FAB-D9DE-42FA-B4BF-FF96A3B72598}.Release|x64.Build.0 = Release|x64
		{60547FAB-D9DE-42FA-B4BF-FF96A3B72598}.Release|x86.ActiveCfg = Release|Win32
		{60547FAB-D9DE-42FA-B4BF-FF96A3B72598}.Release|x86.Build.0 = Release|Win32
		{597CD1A1-283D-4D3E-BA97-DD28CE5BB188}.Debug|x64.ActiveCfg = Debug|x64
		{597CD1A1-283D-4D3E-BA97-DD28CE5BB188}.Debug|x64.Build.0 = Debug|x64
		{597CD1A1-283D-4D3E-BA97-DD28CE5BB188}.Debug|x86.ActiveCfg = Debug|Win32
		{597CD1A1-283D-4D3E-BA97-DD28CE5BB188}.Debug|x86.Build.0 = Debug|Win32
		{597CD1A1-283D-4D3E-BA97-DD28CE5BB188}.Release|x64.ActiveCfg = Release|x64
		{597CD1A1-283D-4D3E-BA97-DD28CE5BB188}.Release|x64.Build.0 = Release|x64
		{597CD1A1-283D-4D3E-BA97-DD28CE5BB188}.Release|x86.ActiveCfg = Release|Win32
		{597CD1A1-283D-4D3E-BA97-DD28CE5BB188}.Release|x86.Build.0 = Release|Win32
		{FA616FFE-C164-4061-B8C0-BF32370FC75B}.Debug|x64.ActiveCfg = Debug|x64
		{FA616FFE-C164-4061-B8C0-BF32370FC75B}.Debug|x64.Build.0 = Debug|x64
		{FA616FFE-C164-4061-B8C0-BF32370FC75B}.Debug|x86.ActiveCfg = Debug|Win32
		{FA616FFE-C164-4061-B8C0-BF32370FC75B}.Debug|x86.Build.0 = Debug|Win32
		{FA616FFE-C164-4061-B8C0-BF32370FC75B}.Release|x64.ActiveCfg = Release|x64
		{FA616FFE-C164-4061-B8C0-BF32370FC75B}.Release|x64.Build.0 = Release|x64
		{FA616FFE-C164-4061-B8C0-BF32370FC75B}.Release|x86.ActiveCfg = Release|Win32
		{FA616FFE-C164-4061-B8C0-BF32370FC75B}.Release|x86.Build.0 = Release|Win32
		{826A2F11-E6AF-444C-953F-4E5F93A58955}.Debug|x64.ActiveCfg = Debug|x64
		{826A2F11-E6AF-444C-953F-4E5F93A58955}.Debug|x64.Build.0 = Debug|x64
		{826A2F11-E6AF-444C-953F-4E5F93A58955}.Debug|x86.ActiveCfg = Debug|Win32
		{826A2F11-E6AF-444C-953F-4E5F93A58955}.Debug|x86.Build.0 = Debug|Win32
		{826A2F11-E6AF-444C-953F-4E5F93A58955}.Release|x64.ActiveCfg = Release|x64
		{826A2F11-E6AF-444C-953F-4E5F93A58955}.Release|x64.Build.0 = Release|x64
		{826A2F11-E6AF-444C-953F-4E5F93A58955}.Release|x86.ActiveCfg = Release|Win32
		{826A2F11-E6AF-444C-953F-4E5F93A58955}.Release|x86.Build.0 = Release|Win32
		{A40C2509-5B05-4731-A33E-0FE37481768B}.Debug|x64.ActiveCfg = Debug|x64
		{A40C2509-5B05-4731-A33E-0FE37481768B}.Debug|x64.Build.0 = Debug|x64
		{A40C2509-5B05-4731-A33E-0FE37481768B}.Debug|x86.ActiveCfg = Debug|Win32
		{A40C2509-5B05-4731-A33E-0FE37481768B}.Debug|x86.Build.0 = Debug|Win32
		{A40C2509-5B05-4731-A33E-0FE37481768B}.Release|x64.ActiveCfg = Release|x64
		{A40C2509-5B05-4731-A33E-0FE37481768B}.Release|x64.Build.0 = Release|x64
		{A40C2509-5B05-4731-A33E-0FE37481768B}.Release|x86.ActiveCfg = Release|Win32
		{A40C2509-5B05-4731-A33E-0FE37481768B}.Release|x86.Build.0 = Release|Win32
		{71476985-DDC0-4F57-9979-81CB047B6E3F}.Debug|x64.ActiveCfg = Debug|x64
		{71476985-DDC0-4F57-9979-81CB047B6E3F}.Debug|x64.Build.0 = Debug|x64
		{71476985-DDC0-4F57-9979-81CB047B6E3F}.Debug|x86.ActiveCfg = Debug|Win32
		{71476985-DDC0-4F57-9979-81CB047B6E3F}.Debug|x86.Build.0 = Debug|Win32
		{71476985-DDC0-4F57-9979-81CB047B6E3F}.Release|x64.ActiveCfg = Release|x64
		{71476985-DDC0-4F57-9979-81CB047B6E3F}.Release|x64.Build.0 = Release|x64
		{71476985-DDC0-4F57-9979-81CB047B6E3F}.Release|x86.ActiveCfg = Release|Win32
		{71476985-DDC0-4F57-9979-81CB047B6E3F}.Release|x86.Build.0 = Release|Win32
		{D801D50D-86F0-470C-AB36-2C407E96F657}.Debug|x64.ActiveCfg = Debug|x64
		{D801D50D-86F0-470C-AB36-2C407E96F657}.Debug|x64.Build.0 = Debug|x64
		{D801D50D-86F0-470C-AB36-2C407E96F657}.Debug|x86.ActiveCfg = Debug|Win32
		{D801D50D-86F0-470C-AB36-2C407E96F657}.Debug|x86.Build.0 = Debug|Win32
		{D801D50D-86F0-470C-AB36-2C407E96F657}.Release|x64.ActiveCfg = Release|x64
		{D801D50D-86F0-470C-AB36-2C407E96F657}.Release|x64.Build.0 = Release|x64
		{D801D50D-86F0-470C-AB36-2C407E96F657}.Release|x86.ActiveCfg = Release|Win32
		{D801D50D-86F0-470C-AB36-2C407E96F657}.Release|x86.Build.0 = Release|Win32
	EndGlobalSection
	GlobalSection(SolutionProperties) = preSolution
		HideSolutionNode = FALSE
	EndGlobalSection
	GlobalSection(ExtensibilityGlobals) = postSolution
		SolutionGuid = {BA5EB718-9B4F-4D9F-BE2E-7DE8E0BB32B2}
	EndGlobalSection
EndGlobal
