// !$*UTF8*$!
{
	archiveVersion = 1;
	classes = {
	};
	objectVersion = 50;
	objects = {

/* Begin PBXBuildFile section */
		A6096D762555210000F1B6C6 /* AppDelegate.swift in Sources */ = {isa = PBXBuildFile; fileRef = A6096D752555210000F1B6C6 /* AppDelegate.swift */; };
		A6096D782555210000F1B6C6 /* ViewController.swift in Sources */ = {isa = PBXBuildFile; fileRef = A6096D772555210000F1B6C6 /* ViewController.swift */; };
		A6096D7A2555210100F1B6C6 /* Assets.xcassets in Resources */ = {isa = PBXBuildFile; fileRef = A6096D792555210100F1B6C6 /* Assets.xcassets */; };
		A6096D7D2555210100F1B6C6 /* Main.storyboard in Resources */ = {isa = PBXBuildFile; fileRef = A6096D7B2555210100F1B6C6 /* Main.storyboard */; };
		A6096D872555215900F1B6C6 /* Podfile in Resources */ = {isa = PBXBuildFile; fileRef = A6096D862555215900F1B6C6 /* Podfile */; };
		A6096D8B2555218D00F1B6C6 /* libswiftMetalKit.tbd in Frameworks */ = {isa = PBXBuildFile; fileRef = A6096D8A2555218600F1B6C6 /* libswiftMetalKit.tbd */; };
/* End PBXBuildFile section */

/* Begin PBXFileReference section */
		A6096D722555210000F1B6C6 /* SwiftPlayer.app */ = {isa = PBXFileReference; explicitFileType = wrapper.application; includeInIndex = 0; path = SwiftPlayer.app; sourceTree = BUILT_PRODUCTS_DIR; };
		A6096D752555210000F1B6C6 /* AppDelegate.swift */ = {isa = PBXFileReference; lastKnownFileType = sourcecode.swift; path = AppDelegate.swift; sourceTree = "<group>"; };
		A6096D772555210000F1B6C6 /* ViewController.swift */ = {isa = PBXFileReference; lastKnownFileType = sourcecode.swift; path = ViewController.swift; sourceTree = "<group>"; };
		A6096D792555210100F1B6C6 /* Assets.xcassets */ = {isa = PBXFileReference; lastKnownFileType = folder.assetcatalog; path = Assets.xcassets; sourceTree = "<group>"; };
		A6096D7C2555210100F1B6C6 /* Base */ = {isa = PBXFileReference; lastKnownFileType = file.storyboard; name = Base; path = Base.lproj/Main.storyboard; sourceTree = "<group>"; };
		A6096D7E2555210100F1B6C6 /* Info.plist */ = {isa = PBXFileReference; lastKnownFileType = text.plist.xml; path = Info.plist; sourceTree = "<group>"; };
		A6096D7F2555210100F1B6C6 /* SwiftPlayer.entitlements */ = {isa = PBXFileReference; lastKnownFileType = text.plist.entitlements; path = SwiftPlayer.entitlements; sourceTree = "<group>"; };
		A6096D862555215900F1B6C6 /* Podfile */ = {isa = PBXFileReference; lastKnownFileType = text; path = Podfile; sourceTree = "<group>"; };
		A6096D8A2555218600F1B6C6 /* libswiftMetalKit.tbd */ = {isa = PBXFileReference; lastKnownFileType = "sourcecode.text-based-dylib-definition"; name = libswiftMetalKit.tbd; path = usr/lib/swift/libswiftMetalKit.tbd; sourceTree = SDKROOT; };
/* End PBXFileReference section */

/* Begin PBXFrameworksBuildPhase section */
		A6096D6F2555210000F1B6C6 /* Frameworks */ = {
			isa = PBXFrameworksBuildPhase;
			buildActionMask = 2147483647;
			files = (
				A6096D8B2555218D00F1B6C6 /* libswiftMetalKit.tbd in Frameworks */,
			);
			runOnlyForDeploymentPostprocessing = 0;
		};
/* End PBXFrameworksBuildPhase section */

/* Begin PBXGroup section */
		A6096D692555210000F1B6C6 = {
			isa = PBXGroup;
			children = (
				A6096D862555215900F1B6C6 /* Podfile */,
				A6096D742555210000F1B6C6 /* SwiftPlayer */,
				A6096D732555210000F1B6C6 /* Products */,
				A6096D892555218500F1B6C6 /* Frameworks */,
			);
			sourceTree = "<group>";
		};
		A6096D732555210000F1B6C6 /* Products */ = {
			isa = PBXGroup;
			children = (
				A6096D722555210000F1B6C6 /* SwiftPlayer.app */,
			);
			name = Products;
			sourceTree = "<group>";
		};
		A6096D742555210000F1B6C6 /* SwiftPlayer */ = {
			isa = PBXGroup;
			children = (
				A6096D752555210000F1B6C6 /* AppDelegate.swift */,
				A6096D772555210000F1B6C6 /* ViewController.swift */,
				A6096D792555210100F1B6C6 /* Assets.xcassets */,
				A6096D7B2555210100F1B6C6 /* Main.storyboard */,
				A6096D7E2555210100F1B6C6 /* Info.plist */,
				A6096D7F2555210100F1B6C6 /* SwiftPlayer.entitlements */,
			);
			path = SwiftPlayer;
			sourceTree = "<group>";
		};
		A6096D892555218500F1B6C6 /* Frameworks */ = {
			isa = PBXGroup;
			children = (
				A6096D8A2555218600F1B6C6 /* libswiftMetalKit.tbd */,
			);
			name = Frameworks;
			sourceTree = "<group>";
		};
/* End PBXGroup section */

/* Begin PBXNativeTarget section */
		A6096D712555210000F1B6C6 /* SwiftPlayer */ = {
			isa = PBXNativeTarget;
			buildConfigurationList = A6096D822555210100F1B6C6 /* Build configuration list for PBXNativeTarget "SwiftPlayer" */;
			buildPhases = (
				A6096D6E2555210000F1B6C6 /* Sources */,
				A6096D6F2555210000F1B6C6 /* Frameworks */,
				A6096D702555210000F1B6C6 /* Resources */,
			);
			buildRules = (
			);
			dependencies = (
			);
			name = SwiftPlayer;
			productName = SwiftPlayer;
			productReference = A6096D722555210000F1B6C6 /* SwiftPlayer.app */;
			productType = "com.apple.product-type.application";
		};
/* End PBXNativeTarget section */

/* Begin PBXProject section */
		A6096D6A2555210000F1B6C6 /* Project object */ = {
			isa = PBXProject;
			attributes = {
				LastSwiftUpdateCheck = 1210;
				LastUpgradeCheck = 1210;
				TargetAttributes = {
					A6096D712555210000F1B6C6 = {
						CreatedOnToolsVersion = 12.1;
					};
				};
			};
			buildConfigurationList = A6096D6D2555210000F1B6C6 /* Build configuration list for PBXProject "SwiftPlayer" */;
			compatibilityVersion = "Xcode 9.3";
			developmentRegion = en;
			hasScannedForEncodings = 0;
			knownRegions = (
				en,
				Base,
			);
			mainGroup = A6096D692555210000F1B6C6;
			productRefGroup = A6096D732555210000F1B6C6 /* Products */;
			projectDirPath = "";
			projectRoot = "";
			targets = (
				A6096D712555210000F1B6C6 /* SwiftPlayer */,
			);
		};
/* End PBXProject section */

/* Begin PBXResourcesBuildPhase section */
		A6096D702555210000F1B6C6 /* Resources */ = {
			isa = PBXResourcesBuildPhase;
			buildActionMask = 2147483647;
			files = (
				A6096D872555215900F1B6C6 /* Podfile in Resources */,
				A6096D7A2555210100F1B6C6 /* Assets.xcassets in Resources */,
				A6096D7D2555210100F1B6C6 /* Main.storyboard in Resources */,
			);
			runOnlyForDeploymentPostprocessing = 0;
		};
/* End PBXResourcesBuildPhase section */

/* Begin PBXSourcesBuildPhase section */
		A6096D6E2555210000F1B6C6 /* Sources */ = {
			isa = PBXSourcesBuildPhase;
			buildActionMask = 2147483647;
			files = (
				A6096D782555210000F1B6C6 /* ViewController.swift in Sources */,
				A6096D762555210000F1B6C6 /* AppDelegate.swift in Sources */,
			);
			runOnlyForDeploymentPostprocessing = 0;
		};
/* End PBXSourcesBuildPhase section */

/* Begin PBXVariantGroup section */
		A6096D7B2555210100F1B6C6 /* Main.storyboard */ = {
			isa = PBXVariantGroup;
			children = (
				A6096D7C2555210100F1B6C6 /* Base */,
			);
			name = Main.storyboard;
			sourceTree = "<group>";
		};
/* End PBXVariantGroup section */

/* Begin XCBuildConfiguration section */
		A6096D802555210100F1B6C6 /* Debug */ = {
			isa = XCBuildConfiguration;
			buildSettings = {
				ALWAYS_SEARCH_USER_PATHS = NO;
				CLANG_ANALYZER_NONNULL = YES;
				CLANG_ANALYZER_NUMBER_OBJECT_CONVERSION = YES_AGGRESSIVE;
				CLANG_CXX_LANGUAGE_STANDARD = "gnu++14";
				CLANG_CXX_LIBRARY = "libc++";
				CLANG_ENABLE_MODULES = YES;
				CLANG_ENABLE_OBJC_ARC = YES;
				CLANG_ENABLE_OBJC_WEAK = YES;
				CLANG_WARN_BLOCK_CAPTURE_AUTORELEASING = YES;
				CLANG_WARN_BOOL_CONVERSION = YES;
				CLANG_WARN_COMMA = YES;
				CLANG_WARN_CONSTANT_CONVERSION = YES;
				CLANG_WARN_DEPRECATED_OBJC_IMPLEMENTATIONS = YES;
				CLANG_WARN_DIRECT_OBJC_ISA_USAGE = YES_ERROR;
				CLANG_WARN_DOCUMENTATION_COMMENTS = YES;
				CLANG_WARN_EMPTY_BODY = YES;
				CLANG_WARN_ENUM_CONVERSION = YES;
				CLANG_WARN_INFINITE_RECURSION = YES;
				CLANG_WARN_INT_CONVERSION = YES;
				CLANG_WARN_NON_LITERAL_NULL_CONVERSION = YES;
				CLANG_WARN_OBJC_IMPLICIT_RETAIN_SELF = YES;
				CLANG_WARN_OBJC_LITERAL_CONVERSION = YES;
				CLANG_WARN_OBJC_ROOT_CLASS = YES_ERROR;
				CLANG_WARN_QUOTED_INCLUDE_IN_FRAMEWORK_HEADER = YES;
				CLANG_WARN_RANGE_LOOP_ANALYSIS = YES;
				CLANG_WARN_STRICT_PROTOTYPES = YES;
				CLANG_WARN_SUSPICIOUS_MOVE = YES;
				CLANG_WARN_UNGUARDED_AVAILABILITY = YES_AGGRESSIVE;
				CLANG_WARN_UNREACHABLE_CODE = YES;
				CLANG_WARN__DUPLICATE_METHOD_MATCH = YES;
				COPY_PHASE_STRIP = NO;
				DEBUG_INFORMATION_FORMAT = dwarf;
				ENABLE_STRICT_OBJC_MSGSEND = YES;
				ENABLE_TESTABILITY = YES;
				GCC_C_LANGUAGE_STANDARD = gnu11;
				GCC_DYNAMIC_NO_PIC = NO;
				GCC_NO_COMMON_BLOCKS = YES;
				GCC_OPTIMIZATION_LEVEL = 0;
				GCC_PREPROCESSOR_DEFINITIONS = (
					"DEBUG=1",
					"$(inherited)",
				);
				GCC_WARN_64_TO_32_BIT_CONVERSION = YES;
				GCC_WARN_ABOUT_RETURN_TYPE = YES_ERROR;
				GCC_WARN_UNDECLARED_SELECTOR = YES;
				GCC_WARN_UNINITIALIZED_AUTOS = YES_AGGRESSIVE;
				GCC_WARN_UNUSED_FUNCTION = YES;
				GCC_WARN_UNUSED_VARIABLE = YES;
				MACOSX_DEPLOYMENT_TARGET = 10.15;
				MTL_ENABLE_DEBUG_INFO = INCLUDE_SOURCE;
				MTL_FAST_MATH = YES;
				ONLY_ACTIVE_ARCH = YES;
				SDKROOT = macosx;
				SWIFT_ACTIVE_COMPILATION_CONDITIONS = DEBUG;
				SWIFT_OPTIMIZATION_LEVEL = "-Onone";
			};
			name = Debug;
		};
		A6096D812555210100F1B6C6 /* Release */ = {
			isa = XCBuildConfiguration;
			buildSettings = {
				ALWAYS_SEARCH_USER_PATHS = NO;
				CLANG_ANALYZER_NONNULL = YES;
				CLANG_ANALYZER_NUMBER_OBJECT_CONVERSION = YES_AGGRESSIVE;
				CLANG_CXX_LANGUAGE_STANDARD = "gnu++14";
				CLANG_CXX_LIBRARY = "libc++";
				CLANG_ENABLE_MODULES = YES;
				CLANG_ENABLE_OBJC_ARC = YES;
				CLANG_ENABLE_OBJC_WEAK = YES;
				CLANG_WARN_BLOCK_CAPTURE_AUTORELEASING = YES;
				CLANG_WARN_BOOL_CONVERSION = YES;
				CLANG_WARN_COMMA = YES;
				CLANG_WARN_CONSTANT_CONVERSION = YES;
				CLANG_WARN_DEPRECATED_OBJC_IMPLEMENTATIONS = YES;
				CLANG_WARN_DIRECT_OBJC_ISA_USAGE = YES_ERROR;
				CLANG_WARN_DOCUMENTATION_COMMENTS = YES;
				CLANG_WARN_EMPTY_BODY = YES;
				CLANG_WARN_ENUM_CONVERSION = YES;
				CLANG_WARN_INFINITE_RECURSION = YES;
				CLANG_WARN_INT_CONVERSION = YES;
				CLANG_WARN_NON_LITERAL_NULL_CONVERSION = YES;
				CLANG_WARN_OBJC_IMPLICIT_RETAIN_SELF = YES;
				CLANG_WARN_OBJC_LITERAL_CONVERSION = YES;
				CLANG_WARN_OBJC_ROOT_CLASS = YES_ERROR;
				CLANG_WARN_QUOTED_INCLUDE_IN_FRAMEWORK_HEADER = YES;
				CLANG_WARN_RANGE_LOOP_ANALYSIS = YES;
				CLANG_WARN_STRICT_PROTOTYPES = YES;
				CLANG_WARN_SUSPICIOUS_MOVE = YES;
				CLANG_WARN_UNGUARDED_AVAILABILITY = YES_AGGRESSIVE;
				CLANG_WARN_UNREACHABLE_CODE = YES;
				CLANG_WARN__DUPLICATE_METHOD_MATCH = YES;
				COPY_PHASE_STRIP = NO;
				DEBUG_INFORMATION_FORMAT = "dwarf-with-dsym";
				ENABLE_NS_ASSERTIONS = NO;
				ENABLE_STRICT_OBJC_MSGSEND = YES;
				GCC_C_LANGUAGE_STANDARD = gnu11;
				GCC_NO_COMMON_BLOCKS = YES;
				GCC_WARN_64_TO_32_BIT_CONVERSION = YES;
				GCC_WARN_ABOUT_RETURN_TYPE = YES_ERROR;
				GCC_WARN_UNDECLARED_SELECTOR = YES;
				GCC_WARN_UNINITIALIZED_AUTOS = YES_AGGRESSIVE;
				GCC_WARN_UNUSED_FUNCTION = YES;
				GCC_WARN_UNUSED_VARIABLE = YES;
				MACOSX_DEPLOYMENT_TARGET = 10.15;
				MTL_ENABLE_DEBUG_INFO = NO;
				MTL_FAST_MATH = YES;
				SDKROOT = macosx;
				SWIFT_COMPILATION_MODE = wholemodule;
				SWIFT_OPTIMIZATION_LEVEL = "-O";
			};
			name = Release;
		};
		A6096D832555210100F1B6C6 /* Debug */ = {
			isa = XCBuildConfiguration;
			buildSettings = {
				ASSETCATALOG_COMPILER_APPICON_NAME = AppIcon;
				ASSETCATALOG_COMPILER_GLOBAL_ACCENT_COLOR_NAME = AccentColor;
				CODE_SIGN_ENTITLEMENTS = SwiftPlayer/SwiftPlayer.entitlements;
				CODE_SIGN_STYLE = Automatic;
				COMBINE_HIDPI_IMAGES = YES;
				DEVELOPMENT_TEAM = 47757HJGBA;
				ENABLE_HARDENED_RUNTIME = YES;
				INFOPLIST_FILE = SwiftPlayer/Info.plist;
				LD_RUNPATH_SEARCH_PATHS = (
					"$(inherited)",
					"@executable_path/../Frameworks",
				);
				LIBRARY_SEARCH_PATHS = (
					"$(inherited)",
					"$(SDKROOT)/usr/lib/swift",
				);
				PRODUCT_BUNDLE_IDENTIFIER = com.mediadevkit.SwiftPlayer;
				PRODUCT_NAME = "$(TARGET_NAME)";
				SWIFT_VERSION = 5.0;
			};
			name = Debug;
		};
		A6096D842555210100F1B6C6 /* Release */ = {
			isa = XCBuildConfiguration;
			buildSettings = {
				ASSETCATALOG_COMPILER_APPICON_NAME = AppIcon;
				ASSETCATALOG_COMPILER_GLOBAL_ACCENT_COLOR_NAME = AccentColor;
				CODE_SIGN_ENTITLEMENTS = SwiftPlayer/SwiftPlayer.entitlements;
				CODE_SIGN_STYLE = Automatic;
				COMBINE_HIDPI_IMAGES = YES;
				DEVELOPMENT_TEAM = 47757HJGBA;
				ENABLE_HARDENED_RUNTIME = YES;
				INFOPLIST_FILE = SwiftPlayer/Info.plist;
				LD_RUNPATH_SEARCH_PATHS = (
					"$(inherited)",
					"@executable_path/../Frameworks",
				);
				LIBRARY_SEARCH_PATHS = (
					"$(inherited)",
					"$(SDKROOT)/usr/lib/swift",
				);
				PRODUCT_BUNDLE_IDENTIFIER = com.mediadevkit.SwiftPlayer;
				PRODUCT_NAME = "$(TARGET_NAME)";
				SWIFT_VERSION = 5.0;
			};
			name = Release;
		};
/* End XCBuildConfiguration section */

/* Begin XCConfigurationList section */
		A6096D6D2555210000F1B6C6 /* Build configuration list for PBXProject "SwiftPlayer" */ = {
			isa = XCConfigurationList;
			buildConfigurations = (
				A6096D802555210100F1B6C6 /* Debug */,
				A6096D812555210100F1B6C6 /* Release */,
			);
			defaultConfigurationIsVisible = 0;
			defaultConfigurationName = Release;
		};
		A6096D822555210100F1B6C6 /* Build configuration list for PBXNativeTarget "SwiftPlayer" */ = {
			isa = XCConfigurationList;
			buildConfigurations = (
				A6096D832555210100F1B6C6 /* Debug */,
				A6096D842555210100F1B6C6 /* Release */,
			);
			defaultConfigurationIsVisible = 0;
			defaultConfigurationName = Release;
		};
/* End XCConfigurationList section */
	};
	rootObject = A6096D6A2555210000F1B6C6 /* Project object */;
}
